Terraform used the selected providers to generate the following execution plan.
Resource actions are indicated with the following symbols:
  + create

Terraform will perform the following actions:

  # yandex_compute_instance.ubuntu-22-04-lts-v20221031 will be created
  + resource "yandex_compute_instance" "ubuntu-22-04-lts-v20221031" {
      + created_at                = (known after apply)
      + folder_id                 = (known after apply)
      + fqdn                      = (known after apply)
      + hostname                  = (known after apply)
      + id                        = (known after apply)
      + name                      = "ubuntu-22-04-lts"
      + network_acceleration_type = "standard"
      + platform_id               = "standard-v1"
      + service_account_id        = (known after apply)
      + status                    = (known after apply)
      + zone                      = (known after apply)

      + boot_disk {
          + auto_delete = true
          + device_name = (known after apply)
          + disk_id     = (known after apply)
          + mode        = (known after apply)

          + initialize_params {
              + block_size  = (known after apply)
              + description = (known after apply)
              + image_id    = "fd8haecqq3rn9ch89eua"
              + name        = (known after apply)
              + size        = (known after apply)
              + snapshot_id = (known after apply)
              + type        = "network-hdd"
            }
        }

      + metadata_options {
          + aws_v1_http_endpoint = (known after apply)
          + aws_v1_http_token    = (known after apply)
          + gce_http_endpoint    = (known after apply)
          + gce_http_token       = (known after apply)
        }

      + network_interface {
          + index              = (known after apply)
          + ip_address         = (known after apply)
          + ipv4               = true
          + ipv6               = (known after apply)
          + ipv6_address       = (known after apply)
          + mac_address        = (known after apply)
          + nat                = true
          + nat_ip_address     = (known after apply)
          + nat_ip_version     = (known after apply)
          + security_group_ids = (known after apply)
          + subnet_id          = (known after apply)
        }

      + placement_policy {
          + host_affinity_rules = (known after apply)
          + placement_group_id  = (known after apply)
        }

      + resources {
          + core_fraction = 100
          + cores         = 2
          + memory        = 2
        }

      + scheduling_policy {
          + preemptible = (known after apply)
        }
    }

  # yandex_vpc_network.network-1 will be created
  + resource "yandex_vpc_network" "network-1" {
      + created_at                = (known after apply)
      + default_security_group_id = (known after apply)
      + folder_id                 = (known after apply)
      + id                        = (known after apply)
      + labels                    = (known after apply)
      + name                      = "network1"
      + subnet_ids                = (known after apply)
    }

  # yandex_vpc_subnet.subnet-1 will be created
  + resource "yandex_vpc_subnet" "subnet-1" {
      + created_at     = (known after apply)
      + folder_id      = (known after apply)
      + id             = (known after apply)
      + labels         = (known after apply)
      + name           = "subnet1"
      + network_id     = (known after apply)
      + v4_cidr_blocks = [
          + "192.168.10.0/24",
        ]
      + v6_cidr_blocks = (known after apply)
      + zone           = "ru-central1-a"
    }

Plan: 3 to add, 0 to change, 0 to destroy.

───────────────────────────────────────────────────────────────────────────────

Note: You didn't use the -out option to save this plan, so Terraform can't
guarantee to take exactly these actions if you run "terraform apply" now.
